{
  "name": "app",
  "lockfileVersion": 2,
  "requires": true,
  "packages": {
    "": {
      "name": "app",
      "dependencies": {
        "@hotwired/stimulus": "^3.2.1",
        "esbuild": "^0.16.8"
      }
    },
    "node_modules/@esbuild/darwin-x64": {
      "version": "0.16.8",
      "resolved": "https://registry.npmjs.org/@esbuild/darwin-x64/-/darwin-x64-0.16.8.tgz",
      "integrity": "sha512-XXh2070hatspZdG/uPqyHLFlHlGbytvT4JlqZuTU3AizcyOvmatPBSnuARvwCtJMw30wjjehcYY8DWPZ5UF2og==",
      "cpu": [
        "x64"
      ],
      "optional": true,
      "os": [
        "darwin"
      ],
      "engines": {
        "node": ">=12"
      }
    },
    "node_modules/@hotwired/stimulus": {
      "version": "3.2.1",
      "resolved": "https://registry.npmjs.org/@hotwired/stimulus/-/stimulus-3.2.1.tgz",
      "integrity": "sha512-HGlzDcf9vv/EQrMJ5ZG6VWNs8Z/xMN+1o2OhV1gKiSG6CqZt5MCBB1gRg5ILiN3U0jEAxuDTNPRfBcnZBDmupQ=="
    },
    "node_modules/esbuild": {
      "version": "0.16.8",
      "resolved": "https://registry.npmjs.org/esbuild/-/esbuild-0.16.8.tgz",
      "integrity": "sha512-RKxRaLYAI5b/IVJ5k8jK3bO2G7cch2ZIZFbfKHbBzpwsWt9+VChcBEndNISBBZ5c3WwekFfkfl11/2QfIGHgDw==",
      "hasInstallScript": true,
      "bin": {
        "esbuild": "bin/esbuild"
      },
      "engines": {
        "node": ">=12"
      },
      "optionalDependencies": {
        "@esbuild/android-arm": "0.16.8",
        "@esbuild/android-arm64": "0.16.8",
        "@esbuild/android-x64": "0.16.8",
        "@esbuild/darwin-arm64": "0.16.8",
        "@esbuild/darwin-x64": "0.16.8",
        "@esbuild/freebsd-arm64": "0.16.8",
        "@esbuild/freebsd-x64": "0.16.8",
        "@esbuild/linux-arm": "0.16.8",
        "@esbuild/linux-arm64": "0.16.8",
        "@esbuild/linux-ia32": "0.16.8",
        "@esbuild/linux-loong64": "0.16.8",
        "@esbuild/linux-mips64el": "0.16.8",
        "@esbuild/linux-ppc64": "0.16.8",
        "@esbuild/linux-riscv64": "0.16.8",
        "@esbuild/linux-s390x": "0.16.8",
        "@esbuild/linux-x64": "0.16.8",
        "@esbuild/netbsd-x64": "0.16.8",
        "@esbuild/openbsd-x64": "0.16.8",
        "@esbuild/sunos-x64": "0.16.8",
        "@esbuild/win32-arm64": "0.16.8",
        "@esbuild/win32-ia32": "0.16.8",
        "@esbuild/win32-x64": "0.16.8"
      }
    }
  },
  "dependencies": {
    "@esbuild/darwin-x64": {
      "version": "0.16.8",
      "resolved": "https://registry.npmjs.org/@esbuild/darwin-x64/-/darwin-x64-0.16.8.tgz",
      "integrity": "sha512-XXh2070hatspZdG/uPqyHLFlHlGbytvT4JlqZuTU3AizcyOvmatPBSnuARvwCtJMw30wjjehcYY8DWPZ5UF2og==",
      "optional": true
    },
    "@hotwired/stimulus": {
      "version": "3.2.1",
      "resolved": "https://registry.npmjs.org/@hotwired/stimulus/-/stimulus-3.2.1.tgz",
      "integrity": "sha512-HGlzDcf9vv/EQrMJ5ZG6VWNs8Z/xMN+1o2OhV1gKiSG6CqZt5MCBB1gRg5ILiN3U0jEAxuDTNPRfBcnZBDmupQ=="
    },
    "esbuild": {
      "version": "0.16.8",
      "resolved": "https://registry.npmjs.org/esbuild/-/esbuild-0.16.8.tgz",
      "integrity": "sha512-RKxRaLYAI5b/IVJ5k8jK3bO2G7cch2ZIZFbfKHbBzpwsWt9+VChcBEndNISBBZ5c3WwekFfkfl11/2QfIGHgDw==",
      "requires": {
        "@esbuild/android-arm": "0.16.8",
        "@esbuild/android-arm64": "0.16.8",
        "@esbuild/android-x64": "0.16.8",
        "@esbuild/darwin-arm64": "0.16.8",
        "@esbuild/darwin-x64": "0.16.8",
        "@esbuild/freebsd-arm64": "0.16.8",
        "@esbuild/freebsd-x64": "0.16.8",
        "@esbuild/linux-arm": "0.16.8",
        "@esbuild/linux-arm64": "0.16.8",
        "@esbuild/linux-ia32": "0.16.8",
        "@esbuild/linux-loong64": "0.16.8",
        "@esbuild/linux-mips64el": "0.16.8",
        "@esbuild/linux-ppc64": "0.16.8",
        "@esbuild/linux-riscv64": "0.16.8",
        "@esbuild/linux-s390x": "0.16.8",
        "@esbuild/linux-x64": "0.16.8",
        "@esbuild/netbsd-x64": "0.16.8",
        "@esbuild/openbsd-x64": "0.16.8",
        "@esbuild/sunos-x64": "0.16.8",
        "@esbuild/win32-arm64": "0.16.8",
        "@esbuild/win32-ia32": "0.16.8",
        "@esbuild/win32-x64": "0.16.8"
      }
    }
  }
}
